
Microsoft Visual Studio Solution File, Format Version 12.00
# Visual Studio Version 16
VisualStudioVersion = 16.0.29411.108
MinimumVisualStudioVersion = 10.0.40219.1
Project("{FAE04EC0-301F-11D3-BF4B-00C04F79EFBC}") = "UsersControl", "UsersControl\UsersControl.csproj", "{A1E65104-34E2-48A3-AD3F-FD353A2E8A69}"
EndProject
Global
	GlobalSection(SolutionConfigurationPlatforms) = preSolution
		Debug|Any CPU = Debug|Any CPU
		Release|Any CPU = Release|Any CPU
	EndGlobalSection
	GlobalSection(ProjectConfigurationPlatforms) = postSolution
		{A1E65104-34E2-48A3-AD3F-FD353A2E8A69}.Debug|Any CPU.ActiveCfg = Debug|Any CPU
		{A1E65104-34E2-48A3-AD3F-FD353A2E8A69}.Debug|Any CPU.Build.0 = Debug|Any CPU
		{A1E65104-34E2-48A3-AD3F-FD353A2E8A69}.Release|Any CPU.ActiveCfg = Release|Any CPU
		{A1E65104-34E2-48A3-AD3F-FD353A2E8A69}.Release|Any CPU.Build.0 = Release|Any CPU
	EndGlobalSection
	GlobalSection(SolutionProperties) = preSolution
		HideSolutionNode = FALSE
	EndGlobalSection
	GlobalSection(ExtensibilityGlobals) = postSolution
		SolutionGuid = {56537094-5864-4E27-AD83-860C3D6FD785}
	EndGlobalSection
EndGlobal
